dependencies:
- name: alloy
  repository: https://grafana.github.io/helm-charts
  version: 0.12.3
- name: alloy
  repository: https://grafana.github.io/helm-charts
  version: 0.12.3
- name: alloy
  repository: https://grafana.github.io/helm-charts
  version: 0.12.3
- name: alloy
  repository: https://grafana.github.io/helm-charts
  version: 0.12.3
- name: kube-state-metrics
  repository: https://prometheus-community.github.io/helm-charts
  version: 5.28.0
- name: prometheus-node-exporter
  repository: https://prometheus-community.github.io/helm-charts
  version: 4.43.1
- name: prometheus-operator-crds
  repository: https://prometheus-community.github.io/helm-charts
  version: 17.0.2
- name: prometheus-windows-exporter
  repository: https://prometheus-community.github.io/helm-charts
  version: 0.7.1
- name: opencost
  repository: https://opencost.github.io/opencost-helm-chart
  version: 1.43.0
- name: kepler
  repository: https://sustainable-computing-io.github.io/kepler-helm-chart
  version: 0.5.12
- name: beyla
  repository: https://grafana.github.io/helm-charts
  version: 1.5.0
digest: sha256:2c8c7bde636748cbf6bd72e599203090e8131f9479adcfb8dc94aacf7635dbbf
generated: "2025-03-13T01:07:26.995874012Z"
