dependencies:
- name: alloy
  repository: https://grafana.github.io/helm-charts
  version: 0.10.1
- name: alloy
  repository: https://grafana.github.io/helm-charts
  version: 0.10.1
- name: alloy
  repository: https://grafana.github.io/helm-charts
  version: 0.10.1
- name: alloy
  repository: https://grafana.github.io/helm-charts
  version: 0.10.1
- name: kube-state-metrics
  repository: https://prometheus-community.github.io/helm-charts
  version: 5.28.0
- name: prometheus-node-exporter
  repository: https://prometheus-community.github.io/helm-charts
  version: 4.43.1
- name: prometheus-operator-crds
  repository: https://prometheus-community.github.io/helm-charts
  version: 17.0.2
- name: prometheus-windows-exporter
  repository: https://prometheus-community.github.io/helm-charts
  version: 0.9.0
- name: opencost
  repository: https://opencost.github.io/opencost-helm-chart
  version: 1.43.0
- name: kepler
  repository: https://sustainable-computing-io.github.io/kepler-helm-chart
  version: 0.5.12
- name: beyla
  repository: https://grafana.github.io/helm-charts
  version: 1.5.0
digest: sha256:932c7b0392fc7fd3ddb669175bce6eda320ae6fda2ee62e85f34023c4e1be2b7
generated: "2025-03-13T01:06:56.969028676Z"
